
Microsoft Visual Studio Solution File, Format Version 12.00
# Visual Studio Version 17
VisualStudioVersion = 17.10.35122.118
MinimumVisualStudioVersion = 10.0.40219.1
Project("{FAE04EC0-301F-11D3-BF4B-00C04F79EFBC}") = "Safety4myCar.Mobile.App", "Safety4myCar.Mobile.App\Safety4myCar.Mobile.App.csproj", "{BF0F89A5-8041-479B-918C-4CECC8DF6647}"
EndProject
Project("{FAE04EC0-301F-11D3-BF4B-00C04F79EFBC}") = "Safety4myCar.Mobile.Models", "Safety4myCar.Mobile.Models\Safety4myCar.Mobile.Models.csproj", "{C932A9E2-EFA4-4374-8FA4-7C26FA11F020}"
EndProject
Project("{FAE04EC0-301F-11D3-BF4B-00C04F79EFBC}") = "Safety4myCar.Mobile.Services", "Safety4myCar.Mobile.Services\Safety4myCar.Mobile.Services.csproj", "{D39C8AA4-E5FE-47A3-94A6-8200D39D84B7}"
EndProject
Project("{FAE04EC0-301F-11D3-BF4B-00C04F79EFBC}") = "Safety4myCar.Mobile.ViewModels", "Safety4myCar.Mobile.ViewModels\Safety4myCar.Mobile.ViewModels.csproj", "{320A151C-B020-40A7-87D5-1F3E94C9FF8D}"
EndProject
Global
	GlobalSection(SolutionConfigurationPlatforms) = preSolution
		Debug|Any CPU = Debug|Any CPU
		Release|Any CPU = Release|Any CPU
	EndGlobalSection
	GlobalSection(ProjectConfigurationPlatforms) = postSolution
		{BF0F89A5-8041-479B-918C-4CECC8DF6647}.Debug|Any CPU.ActiveCfg = Debug|Any CPU
		{BF0F89A5-8041-479B-918C-4CECC8DF6647}.Debug|Any CPU.Build.0 = Debug|Any CPU
		{BF0F89A5-8041-479B-918C-4CECC8DF6647}.Debug|Any CPU.Deploy.0 = Debug|Any CPU
		{BF0F89A5-8041-479B-918C-4CECC8DF6647}.Release|Any CPU.ActiveCfg = Release|Any CPU
		{BF0F89A5-8041-479B-918C-4CECC8DF6647}.Release|Any CPU.Build.0 = Release|Any CPU
		{BF0F89A5-8041-479B-918C-4CECC8DF6647}.Release|Any CPU.Deploy.0 = Release|Any CPU
		{C932A9E2-EFA4-4374-8FA4-7C26FA11F020}.Debug|Any CPU.ActiveCfg = Debug|Any CPU
		{C932A9E2-EFA4-4374-8FA4-7C26FA11F020}.Debug|Any CPU.Build.0 = Debug|Any CPU
		{C932A9E2-EFA4-4374-8FA4-7C26FA11F020}.Release|Any CPU.ActiveCfg = Release|Any CPU
		{C932A9E2-EFA4-4374-8FA4-7C26FA11F020}.Release|Any CPU.Build.0 = Release|Any CPU
		{D39C8AA4-E5FE-47A3-94A6-8200D39D84B7}.Debug|Any CPU.ActiveCfg = Debug|Any CPU
		{D39C8AA4-E5FE-47A3-94A6-8200D39D84B7}.Debug|Any CPU.Build.0 = Debug|Any CPU
		{D39C8AA4-E5FE-47A3-94A6-8200D39D84B7}.Release|Any CPU.ActiveCfg = Release|Any CPU
		{D39C8AA4-E5FE-47A3-94A6-8200D39D84B7}.Release|Any CPU.Build.0 = Release|Any CPU
		{320A151C-B020-40A7-87D5-1F3E94C9FF8D}.Debug|Any CPU.ActiveCfg = Debug|Any CPU
		{320A151C-B020-40A7-87D5-1F3E94C9FF8D}.Debug|Any CPU.Build.0 = Debug|Any CPU
		{320A151C-B020-40A7-87D5-1F3E94C9FF8D}.Release|Any CPU.ActiveCfg = Release|Any CPU
		{320A151C-B020-40A7-87D5-1F3E94C9FF8D}.Release|Any CPU.Build.0 = Release|Any CPU
	EndGlobalSection
	GlobalSection(SolutionProperties) = preSolution
		HideSolutionNode = FALSE
	EndGlobalSection
	GlobalSection(ExtensibilityGlobals) = postSolution
		SolutionGuid = {DF6B58A6-4A4F-4D71-9C9E-EE7D2181ABD7}
	EndGlobalSection
EndGlobal
